
Microsoft Visual Studio Solution File, Format Version 12.00
# Visual Studio 15
VisualStudioVersion = 15.0.28307.645
MinimumVisualStudioVersion = 10.0.40219.1
Project("{8BC9CEB8-8B4A-11D0-8D11-00A0C91BC942}") = "C++", "C++\C++.vcxproj", "{B00A0BE2-E9E4-4619-9773-6251B01BF30A}"
EndProject
Project("{8BC9CEB8-8B4A-11D0-8D11-00A0C91BC942}") = "SFileSystemFilter", "SFileSystemFilter\SFileSystemFilter.vcxproj", "{4AB829FB-A1AE-4BD7-9104-DAF00E5C8417}"
EndProject
Project("{8BC9CEB8-8B4A-11D0-8D11-00A0C91BC942}") = "FSFilterDefault", "FSFilterDefault\FSFilterDefault.vcxproj", "{1E227F2C-3B2D-4E15-806F-1A9B07466FFB}"
EndProject
Project("{8BC9CEB8-8B4A-11D0-8D11-00A0C91BC942}") = "MiniFilter", "MiniFilter\MiniFilter.vcxproj", "{770338AC-EE6B-41D4-9CE8-39A1D09231C8}"
EndProject
Project("{8BC9CEB8-8B4A-11D0-8D11-00A0C91BC942}") = "TFSEMiniFilter", "TFSEMiniFilter\TFSEMiniFilter.vcxproj", "{CF3B9BD2-B82D-472B-9EE7-9A24706E175A}"
EndProject
Global
	GlobalSection(SolutionConfigurationPlatforms) = preSolution
		Debug|ARM = Debug|ARM
		Debug|ARM64 = Debug|ARM64
		Debug|x64 = Debug|x64
		Debug|x86 = Debug|x86
		Release|ARM = Release|ARM
		Release|ARM64 = Release|ARM64
		Release|x64 = Release|x64
		Release|x86 = Release|x86
	EndGlobalSection
	GlobalSection(ProjectConfigurationPlatforms) = postSolution
		{B00A0BE2-E9E4-4619-9773-6251B01BF30A}.Debug|ARM.ActiveCfg = Debug|Win32
		{B00A0BE2-E9E4-4619-9773-6251B01BF30A}.Debug|ARM64.ActiveCfg = Debug|Win32
		{B00A0BE2-E9E4-4619-9773-6251B01BF30A}.Debug|x64.ActiveCfg = Debug|x64
		{B00A0BE2-E9E4-4619-9773-6251B01BF30A}.Debug|x64.Build.0 = Debug|x64
		{B00A0BE2-E9E4-4619-9773-6251B01BF30A}.Debug|x86.ActiveCfg = Debug|Win32
		{B00A0BE2-E9E4-4619-9773-6251B01BF30A}.Debug|x86.Build.0 = Debug|Win32
		{B00A0BE2-E9E4-4619-9773-6251B01BF30A}.Release|ARM.ActiveCfg = Release|Win32
		{B00A0BE2-E9E4-4619-9773-6251B01BF30A}.Release|ARM64.ActiveCfg = Release|Win32
		{B00A0BE2-E9E4-4619-9773-6251B01BF30A}.Release|x64.ActiveCfg = Release|x64
		{B00A0BE2-E9E4-4619-9773-6251B01BF30A}.Release|x64.Build.0 = Release|x64
		{B00A0BE2-E9E4-4619-9773-6251B01BF30A}.Release|x86.ActiveCfg = Release|Win32
		{B00A0BE2-E9E4-4619-9773-6251B01BF30A}.Release|x86.Build.0 = Release|Win32
		{4AB829FB-A1AE-4BD7-9104-DAF00E5C8417}.Debug|ARM.ActiveCfg = Debug|ARM
		{4AB829FB-A1AE-4BD7-9104-DAF00E5C8417}.Debug|ARM.Build.0 = Debug|ARM
		{4AB829FB-A1AE-4BD7-9104-DAF00E5C8417}.Debug|ARM.Deploy.0 = Debug|ARM
		{4AB829FB-A1AE-4BD7-9104-DAF00E5C8417}.Debug|ARM64.ActiveCfg = Debug|ARM64
		{4AB829FB-A1AE-4BD7-9104-DAF00E5C8417}.Debug|ARM64.Build.0 = Debug|ARM64
		{4AB829FB-A1AE-4BD7-9104-DAF00E5C8417}.Debug|ARM64.Deploy.0 = Debug|ARM64
		{4AB829FB-A1AE-4BD7-9104-DAF00E5C8417}.Debug|x64.ActiveCfg = Debug|x64
		{4AB829FB-A1AE-4BD7-9104-DAF00E5C8417}.Debug|x64.Build.0 = Debug|x64
		{4AB829FB-A1AE-4BD7-9104-DAF00E5C8417}.Debug|x64.Deploy.0 = Debug|x64
		{4AB829FB-A1AE-4BD7-9104-DAF00E5C8417}.Debug|x86.ActiveCfg = Debug|Win32
		{4AB829FB-A1AE-4BD7-9104-DAF00E5C8417}.Debug|x86.Build.0 = Debug|Win32
		{4AB829FB-A1AE-4BD7-9104-DAF00E5C8417}.Debug|x86.Deploy.0 = Debug|Win32
		{4AB829FB-A1AE-4BD7-9104-DAF00E5C8417}.Release|ARM.ActiveCfg = Release|ARM
		{4AB829FB-A1AE-4BD7-9104-DAF00E5C8417}.Release|ARM.Build.0 = Release|ARM
		{4AB829FB-A1AE-4BD7-9104-DAF00E5C8417}.Release|ARM.Deploy.0 = Release|ARM
		{4AB829FB-A1AE-4BD7-9104-DAF00E5C8417}.Release|ARM64.ActiveCfg = Release|ARM64
		{4AB829FB-A1AE-4BD7-9104-DAF00E5C8417}.Release|ARM64.Build.0 = Release|ARM64
		{4AB829FB-A1AE-4BD7-9104-DAF00E5C8417}.Release|ARM64.Deploy.0 = Release|ARM64
		{4AB829FB-A1AE-4BD7-9104-DAF00E5C8417}.Release|x64.ActiveCfg = Release|x64
		{4AB829FB-A1AE-4BD7-9104-DAF00E5C8417}.Release|x64.Build.0 = Release|x64
		{4AB829FB-A1AE-4BD7-9104-DAF00E5C8417}.Release|x64.Deploy.0 = Release|x64
		{4AB829FB-A1AE-4BD7-9104-DAF00E5C8417}.Release|x86.ActiveCfg = Release|Win32
		{4AB829FB-A1AE-4BD7-9104-DAF00E5C8417}.Release|x86.Build.0 = Release|Win32
		{4AB829FB-A1AE-4BD7-9104-DAF00E5C8417}.Release|x86.Deploy.0 = Release|Win32
		{1E227F2C-3B2D-4E15-806F-1A9B07466FFB}.Debug|ARM.ActiveCfg = Debug|ARM
		{1E227F2C-3B2D-4E15-806F-1A9B07466FFB}.Debug|ARM.Build.0 = Debug|ARM
		{1E227F2C-3B2D-4E15-806F-1A9B07466FFB}.Debug|ARM.Deploy.0 = Debug|ARM
		{1E227F2C-3B2D-4E15-806F-1A9B07466FFB}.Debug|ARM64.ActiveCfg = Debug|ARM64
		{1E227F2C-3B2D-4E15-806F-1A9B07466FFB}.Debug|ARM64.Build.0 = Debug|ARM64
		{1E227F2C-3B2D-4E15-806F-1A9B07466FFB}.Debug|ARM64.Deploy.0 = Debug|ARM64
		{1E227F2C-3B2D-4E15-806F-1A9B07466FFB}.Debug|x64.ActiveCfg = Debug|x64
		{1E227F2C-3B2D-4E15-806F-1A9B07466FFB}.Debug|x64.Build.0 = Debug|x64
		{1E227F2C-3B2D-4E15-806F-1A9B07466FFB}.Debug|x64.Deploy.0 = Debug|x64
		{1E227F2C-3B2D-4E15-806F-1A9B07466FFB}.Debug|x86.ActiveCfg = Debug|Win32
		{1E227F2C-3B2D-4E15-806F-1A9B07466FFB}.Debug|x86.Build.0 = Debug|Win32
		{1E227F2C-3B2D-4E15-806F-1A9B07466FFB}.Debug|x86.Deploy.0 = Debug|Win32
		{1E227F2C-3B2D-4E15-806F-1A9B07466FFB}.Release|ARM.ActiveCfg = Release|ARM
		{1E227F2C-3B2D-4E15-806F-1A9B07466FFB}.Release|ARM.Build.0 = Release|ARM
		{1E227F2C-3B2D-4E15-806F-1A9B07466FFB}.Release|ARM.Deploy.0 = Release|ARM
		{1E227F2C-3B2D-4E15-806F-1A9B07466FFB}.Release|ARM64.ActiveCfg = Release|ARM64
		{1E227F2C-3B2D-4E15-806F-1A9B07466FFB}.Release|ARM64.Build.0 = Release|ARM64
		{1E227F2C-3B2D-4E15-806F-1A9B07466FFB}.Release|ARM64.Deploy.0 = Release|ARM64
		{1E227F2C-3B2D-4E15-806F-1A9B07466FFB}.Release|x64.ActiveCfg = Release|x64
		{1E227F2C-3B2D-4E15-806F-1A9B07466FFB}.Release|x64.Build.0 = Release|x64
		{1E227F2C-3B2D-4E15-806F-1A9B07466FFB}.Release|x64.Deploy.0 = Release|x64
		{1E227F2C-3B2D-4E15-806F-1A9B07466FFB}.Release|x86.ActiveCfg = Release|Win32
		{1E227F2C-3B2D-4E15-806F-1A9B07466FFB}.Release|x86.Build.0 = Release|Win32
		{1E227F2C-3B2D-4E15-806F-1A9B07466FFB}.Release|x86.Deploy.0 = Release|Win32
		{770338AC-EE6B-41D4-9CE8-39A1D09231C8}.Debug|ARM.ActiveCfg = Debug|ARM
		{770338AC-EE6B-41D4-9CE8-39A1D09231C8}.Debug|ARM.Build.0 = Debug|ARM
		{770338AC-EE6B-41D4-9CE8-39A1D09231C8}.Debug|ARM.Deploy.0 = Debug|ARM
		{770338AC-EE6B-41D4-9CE8-39A1D09231C8}.Debug|ARM64.ActiveCfg = Debug|ARM64
		{770338AC-EE6B-41D4-9CE8-39A1D09231C8}.Debug|ARM64.Build.0 = Debug|ARM64
		{770338AC-EE6B-41D4-9CE8-39A1D09231C8}.Debug|ARM64.Deploy.0 = Debug|ARM64
		{770338AC-EE6B-41D4-9CE8-39A1D09231C8}.Debug|x64.ActiveCfg = Debug|x64
		{770338AC-EE6B-41D4-9CE8-39A1D09231C8}.Debug|x64.Build.0 = Debug|x64
		{770338AC-EE6B-41D4-9CE8-39A1D09231C8}.Debug|x64.Deploy.0 = Debug|x64
		{770338AC-EE6B-41D4-9CE8-39A1D09231C8}.Debug|x86.ActiveCfg = Debug|Win32
		{770338AC-EE6B-41D4-9CE8-39A1D09231C8}.Debug|x86.Build.0 = Debug|Win32
		{770338AC-EE6B-41D4-9CE8-39A1D09231C8}.Debug|x86.Deploy.0 = Debug|Win32
		{770338AC-EE6B-41D4-9CE8-39A1D09231C8}.Release|ARM.ActiveCfg = Release|ARM
		{770338AC-EE6B-41D4-9CE8-39A1D09231C8}.Release|ARM.Build.0 = Release|ARM
		{770338AC-EE6B-41D4-9CE8-39A1D09231C8}.Release|ARM.Deploy.0 = Release|ARM
		{770338AC-EE6B-41D4-9CE8-39A1D09231C8}.Release|ARM64.ActiveCfg = Release|ARM64
		{770338AC-EE6B-41D4-9CE8-39A1D09231C8}.Release|ARM64.Build.0 = Release|ARM64
		{770338AC-EE6B-41D4-9CE8-39A1D09231C8}.Release|ARM64.Deploy.0 = Release|ARM64
		{770338AC-EE6B-41D4-9CE8-39A1D09231C8}.Release|x64.ActiveCfg = Release|x64
		{770338AC-EE6B-41D4-9CE8-39A1D09231C8}.Release|x64.Build.0 = Release|x64
		{770338AC-EE6B-41D4-9CE8-39A1D09231C8}.Release|x64.Deploy.0 = Release|x64
		{770338AC-EE6B-41D4-9CE8-39A1D09231C8}.Release|x86.ActiveCfg = Release|Win32
		{770338AC-EE6B-41D4-9CE8-39A1D09231C8}.Release|x86.Build.0 = Release|Win32
		{770338AC-EE6B-41D4-9CE8-39A1D09231C8}.Release|x86.Deploy.0 = Release|Win32
		{CF3B9BD2-B82D-472B-9EE7-9A24706E175A}.Debug|ARM.ActiveCfg = Debug|ARM
		{CF3B9BD2-B82D-472B-9EE7-9A24706E175A}.Debug|ARM.Build.0 = Debug|ARM
		{CF3B9BD2-B82D-472B-9EE7-9A24706E175A}.Debug|ARM.Deploy.0 = Debug|ARM
		{CF3B9BD2-B82D-472B-9EE7-9A24706E175A}.Debug|ARM64.ActiveCfg = Debug|ARM64
		{CF3B9BD2-B82D-472B-9EE7-9A24706E175A}.Debug|ARM64.Build.0 = Debug|ARM64
		{CF3B9BD2-B82D-472B-9EE7-9A24706E175A}.Debug|ARM64.Deploy.0 = Debug|ARM64
		{CF3B9BD2-B82D-472B-9EE7-9A24706E175A}.Debug|x64.ActiveCfg = Debug|x64
		{CF3B9BD2-B82D-472B-9EE7-9A24706E175A}.Debug|x64.Build.0 = Debug|x64
		{CF3B9BD2-B82D-472B-9EE7-9A24706E175A}.Debug|x64.Deploy.0 = Debug|x64
		{CF3B9BD2-B82D-472B-9EE7-9A24706E175A}.Debug|x86.ActiveCfg = Debug|Win32
		{CF3B9BD2-B82D-472B-9EE7-9A24706E175A}.Debug|x86.Build.0 = Debug|Win32
		{CF3B9BD2-B82D-472B-9EE7-9A24706E175A}.Debug|x86.Deploy.0 = Debug|Win32
		{CF3B9BD2-B82D-472B-9EE7-9A24706E175A}.Release|ARM.ActiveCfg = Release|ARM
		{CF3B9BD2-B82D-472B-9EE7-9A24706E175A}.Release|ARM.Build.0 = Release|ARM
		{CF3B9BD2-B82D-472B-9EE7-9A24706E175A}.Release|ARM.Deploy.0 = Release|ARM
		{CF3B9BD2-B82D-472B-9EE7-9A24706E175A}.Release|ARM64.ActiveCfg = Release|ARM64
		{CF3B9BD2-B82D-472B-9EE7-9A24706E175A}.Release|ARM64.Build.0 = Release|ARM64
		{CF3B9BD2-B82D-472B-9EE7-9A24706E175A}.Release|ARM64.Deploy.0 = Release|ARM64
		{CF3B9BD2-B82D-472B-9EE7-9A24706E175A}.Release|x64.ActiveCfg = Release|x64
		{CF3B9BD2-B82D-472B-9EE7-9A24706E175A}.Release|x64.Build.0 = Release|x64
		{CF3B9BD2-B82D-472B-9EE7-9A24706E175A}.Release|x64.Deploy.0 = Release|x64
		{CF3B9BD2-B82D-472B-9EE7-9A24706E175A}.Release|x86.ActiveCfg = Release|Win32
		{CF3B9BD2-B82D-472B-9EE7-9A24706E175A}.Release|x86.Build.0 = Release|Win32
		{CF3B9BD2-B82D-472B-9EE7-9A24706E175A}.Release|x86.Deploy.0 = Release|Win32
	EndGlobalSection
	GlobalSection(SolutionProperties) = preSolution
		HideSolutionNode = FALSE
	EndGlobalSection
	GlobalSection(ExtensibilityGlobals) = postSolution
		SolutionGuid = {D05903CF-0459-49C6-8906-B6CAB69AFFD8}
	EndGlobalSection
EndGlobal
